
Microsoft Visual Studio Solution File, Format Version 12.00
# Visual Studio Version 16
VisualStudioVersion = 16.0.30709.132
MinimumVisualStudioVersion = 10.0.40219.1
Project("{FAE04EC0-301F-11D3-BF4B-00C04F79EFBC}") = "RestartGPU", "RestartGPU\RestartGPU.csproj", "{742062C4-BBC9-49C1-B1A6-A0DE76EEAFDE}"
EndProject
Project("{2150E333-8FDC-42A3-9474-1A3956D46DE8}") = "Solution Items", "Solution Items", "{03FC5DA3-7739-49CF-80F7-37BAB53442D2}"
	ProjectSection(SolutionItems) = preProject
		README.md = README.md
	EndProjectSection
EndProject
Global
	GlobalSection(SolutionConfigurationPlatforms) = preSolution
		Debug|Any CPU = Debug|Any CPU
		Debug|x64 = Debug|x64
		Release|Any CPU = Release|Any CPU
		Release|x64 = Release|x64
	EndGlobalSection
	GlobalSection(ProjectConfigurationPlatforms) = postSolution
		{742062C4-BBC9-49C1-B1A6-A0DE76EEAFDE}.Debug|Any CPU.ActiveCfg = Debug|Any CPU
		{742062C4-BBC9-49C1-B1A6-A0DE76EEAFDE}.Debug|Any CPU.Build.0 = Debug|Any CPU
		{742062C4-BBC9-49C1-B1A6-A0DE76EEAFDE}.Debug|x64.ActiveCfg = Debug|x64
		{742062C4-BBC9-49C1-B1A6-A0DE76EEAFDE}.Debug|x64.Build.0 = Debug|x64
		{742062C4-BBC9-49C1-B1A6-A0DE76EEAFDE}.Release|Any CPU.ActiveCfg = Release|Any CPU
		{742062C4-BBC9-49C1-B1A6-A0DE76EEAFDE}.Release|Any CPU.Build.0 = Release|Any CPU
		{742062C4-BBC9-49C1-B1A6-A0DE76EEAFDE}.Release|x64.ActiveCfg = Release|x64
		{742062C4-BBC9-49C1-B1A6-A0DE76EEAFDE}.Release|x64.Build.0 = Release|x64
	EndGlobalSection
	GlobalSection(SolutionProperties) = preSolution
		HideSolutionNode = FALSE
	EndGlobalSection
	GlobalSection(ExtensibilityGlobals) = postSolution
		SolutionGuid = {CAAC2616-C088-4B84-99C4-8AA93EF8E967}
	EndGlobalSection
EndGlobal
